Microsoft Visual Studio Solution File, Format Version 12.00
# Visual Studio 2012
Project("{FAE04EC0-301F-11D3-BF4B-00C04F79EFBC}") = "Ahorasiqsi", "Ahorasiqsi.csproj", "{95B2C44C-032E-468D-A4D1-869C920C853F}"
EndProject
Global
	GlobalSection(SolutionConfigurationPlatforms) = preSolution
	Debug|Any CPU = Debug|Any CPU
	ExportDebug|Any CPU = ExportDebug|Any CPU
	ExportRelease|Any CPU = ExportRelease|Any CPU
	EndGlobalSection
	GlobalSection(ProjectConfigurationPlatforms) = postSolution
		{95B2C44C-032E-468D-A4D1-869C920C853F}.Debug|Any CPU.ActiveCfg = Debug|Any CPU
		{95B2C44C-032E-468D-A4D1-869C920C853F}.Debug|Any CPU.Build.0 = Debug|Any CPU
		{95B2C44C-032E-468D-A4D1-869C920C853F}.ExportDebug|Any CPU.ActiveCfg = ExportDebug|Any CPU
		{95B2C44C-032E-468D-A4D1-869C920C853F}.ExportDebug|Any CPU.Build.0 = ExportDebug|Any CPU
		{95B2C44C-032E-468D-A4D1-869C920C853F}.ExportRelease|Any CPU.ActiveCfg = ExportRelease|Any CPU
		{95B2C44C-032E-468D-A4D1-869C920C853F}.ExportRelease|Any CPU.Build.0 = ExportRelease|Any CPU
	EndGlobalSection
EndGlobal
